
Microsoft Visual Studio Solution File, Format Version 12.00
# Visual Studio Version 16
VisualStudioVersion = 16.0.29728.190
MinimumVisualStudioVersion = 10.0.40219.1
Project("{8BC9CEB8-8B4A-11D0-8D11-00A0C91BC942}") = "10571", "10571\10571.vcxproj", "{D8ED380B-18AC-4AF1-AED9-52DD3C5C3EDC}"
EndProject
Global
	GlobalSection(SolutionConfigurationPlatforms) = preSolution
		Debug|x64 = Debug|x64
		Debug|x86 = Debug|x86
		Release|x64 = Release|x64
		Release|x86 = Release|x86
	EndGlobalSection
	GlobalSection(ProjectConfigurationPlatforms) = postSolution
		{D8ED380B-18AC-4AF1-AED9-52DD3C5C3EDC}.Debug|x64.ActiveCfg = Debug|x64
		{D8ED380B-18AC-4AF1-AED9-52DD3C5C3EDC}.Debug|x64.Build.0 = Debug|x64
		{D8ED380B-18AC-4AF1-AED9-52DD3C5C3EDC}.Debug|x86.ActiveCfg = Debug|Win32
		{D8ED380B-18AC-4AF1-AED9-52DD3C5C3EDC}.Debug|x86.Build.0 = Debug|Win32
		{D8ED380B-18AC-4AF1-AED9-52DD3C5C3EDC}.Release|x64.ActiveCfg = Release|x64
		{D8ED380B-18AC-4AF1-AED9-52DD3C5C3EDC}.Release|x64.Build.0 = Release|x64
		{D8ED380B-18AC-4AF1-AED9-52DD3C5C3EDC}.Release|x86.ActiveCfg = Release|Win32
		{D8ED380B-18AC-4AF1-AED9-52DD3C5C3EDC}.Release|x86.Build.0 = Release|Win32
	EndGlobalSection
	GlobalSection(SolutionProperties) = preSolution
		HideSolutionNode = FALSE
	EndGlobalSection
	GlobalSection(ExtensibilityGlobals) = postSolution
		SolutionGuid = {B853F3C5-2FE6-4472-921D-DF54FEF885FE}
	EndGlobalSection
EndGlobal
