
Microsoft Visual Studio Solution File, Format Version 12.00
# Visual Studio Version 16
VisualStudioVersion = 16.0.29728.190
MinimumVisualStudioVersion = 10.0.40219.1
Project("{8BC9CEB8-8B4A-11D0-8D11-00A0C91BC942}") = "2487", "2487\2487.vcxproj", "{DB2A4041-A17E-47AD-855C-289187171FF5}"
EndProject
Global
	GlobalSection(SolutionConfigurationPlatforms) = preSolution
		Debug|x64 = Debug|x64
		Debug|x86 = Debug|x86
		Release|x64 = Release|x64
		Release|x86 = Release|x86
	EndGlobalSection
	GlobalSection(ProjectConfigurationPlatforms) = postSolution
		{DB2A4041-A17E-47AD-855C-289187171FF5}.Debug|x64.ActiveCfg = Debug|x64
		{DB2A4041-A17E-47AD-855C-289187171FF5}.Debug|x64.Build.0 = Debug|x64
		{DB2A4041-A17E-47AD-855C-289187171FF5}.Debug|x86.ActiveCfg = Debug|Win32
		{DB2A4041-A17E-47AD-855C-289187171FF5}.Debug|x86.Build.0 = Debug|Win32
		{DB2A4041-A17E-47AD-855C-289187171FF5}.Release|x64.ActiveCfg = Release|x64
		{DB2A4041-A17E-47AD-855C-289187171FF5}.Release|x64.Build.0 = Release|x64
		{DB2A4041-A17E-47AD-855C-289187171FF5}.Release|x86.ActiveCfg = Release|Win32
		{DB2A4041-A17E-47AD-855C-289187171FF5}.Release|x86.Build.0 = Release|Win32
	EndGlobalSection
	GlobalSection(SolutionProperties) = preSolution
		HideSolutionNode = FALSE
	EndGlobalSection
	GlobalSection(ExtensibilityGlobals) = postSolution
		SolutionGuid = {66D70BBC-F7E3-4143-986B-8D3A298FC419}
	EndGlobalSection
EndGlobal
