
Microsoft Visual Studio Solution File, Format Version 12.00
# Visual Studio Version 16
VisualStudioVersion = 16.0.29728.190
MinimumVisualStudioVersion = 10.0.40219.1
Project("{8BC9CEB8-8B4A-11D0-8D11-00A0C91BC942}") = "ConsoleApplication2", "ConsoleApplication2\ConsoleApplication2.vcxproj", "{9AD80BB0-30C2-4A52-8E0A-7D7D7F4B47DC}"
EndProject
Global
	GlobalSection(SolutionConfigurationPlatforms) = preSolution
		Debug|x64 = Debug|x64
		Debug|x86 = Debug|x86
		Release|x64 = Release|x64
		Release|x86 = Release|x86
	EndGlobalSection
	GlobalSection(ProjectConfigurationPlatforms) = postSolution
		{9AD80BB0-30C2-4A52-8E0A-7D7D7F4B47DC}.Debug|x64.ActiveCfg = Debug|x64
		{9AD80BB0-30C2-4A52-8E0A-7D7D7F4B47DC}.Debug|x64.Build.0 = Debug|x64
		{9AD80BB0-30C2-4A52-8E0A-7D7D7F4B47DC}.Debug|x86.ActiveCfg = Debug|Win32
		{9AD80BB0-30C2-4A52-8E0A-7D7D7F4B47DC}.Debug|x86.Build.0 = Debug|Win32
		{9AD80BB0-30C2-4A52-8E0A-7D7D7F4B47DC}.Release|x64.ActiveCfg = Release|x64
		{9AD80BB0-30C2-4A52-8E0A-7D7D7F4B47DC}.Release|x64.Build.0 = Release|x64
		{9AD80BB0-30C2-4A52-8E0A-7D7D7F4B47DC}.Release|x86.ActiveCfg = Release|Win32
		{9AD80BB0-30C2-4A52-8E0A-7D7D7F4B47DC}.Release|x86.Build.0 = Release|Win32
	EndGlobalSection
	GlobalSection(SolutionProperties) = preSolution
		HideSolutionNode = FALSE
	EndGlobalSection
	GlobalSection(ExtensibilityGlobals) = postSolution
		SolutionGuid = {36D566E1-BC94-41B8-BBD0-D1870EE49F5C}
	EndGlobalSection
EndGlobal
